// !$*UTF8*$!
{
	archiveVersion = 1;
	classes = {
	};
	objectVersion = 77;
	objects = {

/* Begin PBXBuildFile section */
		CBC2D52D2E30F24600D40BA1 /* Difficulty.swift in Sources */ = {isa = PBXBuildFile; fileRef = CBC2D52C2E30F24600D40BA1 /* Difficulty.swift */; };
		CBC2D52F2E30F37E00D40BA1 /* ProblemStatus.swift in Sources */ = {isa = PBXBuildFile; fileRef = CBC2D52E2E30F37E00D40BA1 /* ProblemStatus.swift */; };
		CBC2D5312E30F7B700D40BA1 /* Problem.swift in Sources */ = {isa = PBXBuildFile; fileRef = CBC2D5302E30F7B700D40BA1 /* Problem.swift */; };
		CBC2D5332E30FDB500D40BA1 /* Category.swift in Sources */ = {isa = PBXBuildFile; fileRef = CBC2D5322E30FDB500D40BA1 /* Category.swift */; };
		CBC2D5362E3100C000D40BA1 /* Constants.swift in Sources */ = {isa = PBXBuildFile; fileRef = CBC2D5352E3100C000D40BA1 /* Constants.swift */; };
		CBC2D5392E31049000D40BA1 /* Colour.swift in Sources */ = {isa = PBXBuildFile; fileRef = CBC2D5382E31048A00D40BA1 /* Colour.swift */; };
/* End PBXBuildFile section */

/* Begin PBXContainerItemProxy section */
		CB5A01492E2457D200DDDEE9 /* PBXContainerItemProxy */ = {
			isa = PBXContainerItemProxy;
			containerPortal = CB5A01322E2457D200DDDEE9 /* Project object */;
			proxyType = 1;
			remoteGlobalIDString = CB5A01392E2457D200DDDEE9;
			remoteInfo = codeDeck;
		};
		CB5A01532E2457D200DDDEE9 /* PBXContainerItemProxy */ = {
			isa = PBXContainerItemProxy;
			containerPortal = CB5A01322E2457D200DDDEE9 /* Project object */;
			proxyType = 1;
			remoteGlobalIDString = CB5A01392E2457D200DDDEE9;
			remoteInfo = codeDeck;
		};
/* End PBXContainerItemProxy section */

/* Begin PBXFileReference section */
		CB5A013A2E2457D200DDDEE9 /* codeDeck.app */ = {isa = PBXFileReference; explicitFileType = wrapper.application; includeInIndex = 0; path = codeDeck.app; sourceTree = BUILT_PRODUCTS_DIR; };
		CB5A01482E2457D200DDDEE9 /* codeDeckTests.xctest */ = {isa = PBXFileReference; explicitFileType = wrapper.cfbundle; includeInIndex = 0; path = codeDeckTests.xctest; sourceTree = BUILT_PRODUCTS_DIR; };
		CB5A01522E2457D200DDDEE9 /* codeDeckUITests.xctest */ = {isa = PBXFileReference; explicitFileType = wrapper.cfbundle; includeInIndex = 0; path = codeDeckUITests.xctest; sourceTree = BUILT_PRODUCTS_DIR; };
		CBC2D52C2E30F24600D40BA1 /* Difficulty.swift */ = {isa = PBXFileReference; lastKnownFileType = sourcecode.swift; path = Difficulty.swift; sourceTree = "<group>"; };
		CBC2D52E2E30F37E00D40BA1 /* ProblemStatus.swift */ = {isa = PBXFileReference; lastKnownFileType = sourcecode.swift; path = ProblemStatus.swift; sourceTree = "<group>"; };
		CBC2D5302E30F7B700D40BA1 /* Problem.swift */ = {isa = PBXFileReference; lastKnownFileType = sourcecode.swift; path = Problem.swift; sourceTree = "<group>"; };
		CBC2D5322E30FDB500D40BA1 /* Category.swift */ = {isa = PBXFileReference; lastKnownFileType = sourcecode.swift; path = Category.swift; sourceTree = "<group>"; };
		CBC2D5352E3100C000D40BA1 /* Constants.swift */ = {isa = PBXFileReference; lastKnownFileType = sourcecode.swift; path = Constants.swift; sourceTree = "<group>"; };
		CBC2D5382E31048A00D40BA1 /* Colour.swift */ = {isa = PBXFileReference; lastKnownFileType = sourcecode.swift; path = Colour.swift; sourceTree = "<group>"; };
/* End PBXFileReference section */

/* Begin PBXFileSystemSynchronizedRootGroup section */
		CB5A013C2E2457D200DDDEE9 /* codeDeck */ = {
			isa = PBXFileSystemSynchronizedRootGroup;
			path = codeDeck;
			sourceTree = "<group>";
		};
		CB5A014B2E2457D200DDDEE9 /* codeDeckTests */ = {
			isa = PBXFileSystemSynchronizedRootGroup;
			path = codeDeckTests;
			sourceTree = "<group>";
		};
		CB5A01552E2457D200DDDEE9 /* codeDeckUITests */ = {
			isa = PBXFileSystemSynchronizedRootGroup;
			path = codeDeckUITests;
			sourceTree = "<group>";
		};
		CB5A016E2E247D6A00DDDEE9 /* design */ = {
			isa = PBXFileSystemSynchronizedRootGroup;
			path = design;
			sourceTree = "<group>";
		};
/* End PBXFileSystemSynchronizedRootGroup section */

/* Begin PBXFrameworksBuildPhase section */
		CB5A01372E2457D200DDDEE9 /* Frameworks */ = {
			isa = PBXFrameworksBuildPhase;
			buildActionMask = 2147483647;
			files = (
			);
			runOnlyForDeploymentPostprocessing = 0;
		};
		CB5A01452E2457D200DDDEE9 /* Frameworks */ = {
			isa = PBXFrameworksBuildPhase;
			buildActionMask = 2147483647;
			files = (
			);
			runOnlyForDeploymentPostprocessing = 0;
		};
		CB5A014F2E2457D200DDDEE9 /* Frameworks */ = {
			isa = PBXFrameworksBuildPhase;
			buildActionMask = 2147483647;
			files = (
			);
			runOnlyForDeploymentPostprocessing = 0;
		};
/* End PBXFrameworksBuildPhase section */

/* Begin PBXGroup section */
		CB5A01312E2457D200DDDEE9 = {
			isa = PBXGroup;
			children = (
				CBC2D53A2E31B11D00D40BA1 /* Services */,
				CBC2D5342E30FF6300D40BA1 /* Utilities */,
				CBC2D52A2E30F1F400D40BA1 /* Models */,
				CB5A016E2E247D6A00DDDEE9 /* design */,
				CB5A013C2E2457D200DDDEE9 /* codeDeck */,
				CB5A014B2E2457D200DDDEE9 /* codeDeckTests */,
				CB5A01552E2457D200DDDEE9 /* codeDeckUITests */,
				CB5A013B2E2457D200DDDEE9 /* Products */,
			);
			sourceTree = "<group>";
		};
		CB5A013B2E2457D200DDDEE9 /* Products */ = {
			isa = PBXGroup;
			children = (
				CB5A013A2E2457D200DDDEE9 /* codeDeck.app */,
				CB5A01482E2457D200DDDEE9 /* codeDeckTests.xctest */,
				CB5A01522E2457D200DDDEE9 /* codeDeckUITests.xctest */,
			);
			name = Products;
			sourceTree = "<group>";
		};
		CBC2D52A2E30F1F400D40BA1 /* Models */ = {
			isa = PBXGroup;
			children = (
				CBC2D52B2E30F22D00D40BA1 /* Enums */,
			);
			path = Models;
			sourceTree = "<group>";
		};
		CBC2D52B2E30F22D00D40BA1 /* Enums */ = {
			isa = PBXGroup;
			children = (
				CBC2D52C2E30F24600D40BA1 /* Difficulty.swift */,
				CBC2D52E2E30F37E00D40BA1 /* ProblemStatus.swift */,
				CBC2D5302E30F7B700D40BA1 /* Problem.swift */,
				CBC2D5322E30FDB500D40BA1 /* Category.swift */,
			);
			path = Enums;
			sourceTree = "<group>";
		};
		CBC2D5342E30FF6300D40BA1 /* Utilities */ = {
			isa = PBXGroup;
			children = (
				CBC2D5372E31047600D40BA1 /* Extensions */,
				CBC2D5352E3100C000D40BA1 /* Constants.swift */,
			);
			path = Utilities;
			sourceTree = "<group>";
		};
		CBC2D5372E31047600D40BA1 /* Extensions */ = {
			isa = PBXGroup;
			children = (
				CBC2D5382E31048A00D40BA1 /* Colour.swift */,
			);
			path = Extensions;
			sourceTree = "<group>";
		};
		CBC2D53A2E31B11D00D40BA1 /* Services */ = {
			isa = PBXGroup;
			children = (
			);
			path = Services;
			sourceTree = "<group>";
		};
/* End PBXGroup section */

/* Begin PBXNativeTarget section */
		CB5A01392E2457D200DDDEE9 /* codeDeck */ = {
			isa = PBXNativeTarget;
			buildConfigurationList = CB5A015C2E2457D200DDDEE9 /* Build configuration list for PBXNativeTarget "codeDeck" */;
			buildPhases = (
				CB5A01362E2457D200DDDEE9 /* Sources */,
				CB5A01372E2457D200DDDEE9 /* Frameworks */,
				CB5A01382E2457D200DDDEE9 /* Resources */,
			);
			buildRules = (
			);
			dependencies = (
			);
			fileSystemSynchronizedGroups = (
				CB5A013C2E2457D200DDDEE9 /* codeDeck */,
				CB5A016E2E247D6A00DDDEE9 /* design */,
			);
			name = codeDeck;
			packageProductDependencies = (
			);
			productName = codeDeck;
			productReference = CB5A013A2E2457D200DDDEE9 /* codeDeck.app */;
			productType = "com.apple.product-type.application";
		};
		CB5A01472E2457D200DDDEE9 /* codeDeckTests */ = {
			isa = PBXNativeTarget;
			buildConfigurationList = CB5A015F2E2457D200DDDEE9 /* Build configuration list for PBXNativeTarget "codeDeckTests" */;
			buildPhases = (
				CB5A01442E2457D200DDDEE9 /* Sources */,
				CB5A01452E2457D200DDDEE9 /* Frameworks */,
				CB5A01462E2457D200DDDEE9 /* Resources */,
			);
			buildRules = (
			);
			dependencies = (
				CB5A014A2E2457D200DDDEE9 /* PBXTargetDependency */,
			);
			fileSystemSynchronizedGroups = (
				CB5A014B2E2457D200DDDEE9 /* codeDeckTests */,
			);
			name = codeDeckTests;
			packageProductDependencies = (
			);
			productName = codeDeckTests;
			productReference = CB5A01482E2457D200DDDEE9 /* codeDeckTests.xctest */;
			productType = "com.apple.product-type.bundle.unit-test";
		};
		CB5A01512E2457D200DDDEE9 /* codeDeckUITests */ = {
			isa = PBXNativeTarget;
			buildConfigurationList = CB5A01622E2457D200DDDEE9 /* Build configuration list for PBXNativeTarget "codeDeckUITests" */;
			buildPhases = (
				CB5A014E2E2457D200DDDEE9 /* Sources */,
				CB5A014F2E2457D200DDDEE9 /* Frameworks */,
				CB5A01502E2457D200DDDEE9 /* Resources */,
			);
			buildRules = (
			);
			dependencies = (
				CB5A01542E2457D200DDDEE9 /* PBXTargetDependency */,
			);
			fileSystemSynchronizedGroups = (
				CB5A01552E2457D200DDDEE9 /* codeDeckUITests */,
			);
			name = codeDeckUITests;
			packageProductDependencies = (
			);
			productName = codeDeckUITests;
			productReference = CB5A01522E2457D200DDDEE9 /* codeDeckUITests.xctest */;
			productType = "com.apple.product-type.bundle.ui-testing";
		};
/* End PBXNativeTarget section */

/* Begin PBXProject section */
		CB5A01322E2457D200DDDEE9 /* Project object */ = {
			isa = PBXProject;
			attributes = {
				BuildIndependentTargetsInParallel = 1;
				LastSwiftUpdateCheck = 1640;
				LastUpgradeCheck = 1640;
				TargetAttributes = {
					CB5A01392E2457D200DDDEE9 = {
						CreatedOnToolsVersion = 16.4;
					};
					CB5A01472E2457D200DDDEE9 = {
						CreatedOnToolsVersion = 16.4;
						TestTargetID = CB5A01392E2457D200DDDEE9;
					};
					CB5A01512E2457D200DDDEE9 = {
						CreatedOnToolsVersion = 16.4;
						TestTargetID = CB5A01392E2457D200DDDEE9;
					};
				};
			};
			buildConfigurationList = CB5A01352E2457D200DDDEE9 /* Build configuration list for PBXProject "codeDeck" */;
			developmentRegion = en;
			hasScannedForEncodings = 0;
			knownRegions = (
				en,
				Base,
			);
			mainGroup = CB5A01312E2457D200DDDEE9;
			minimizedProjectReferenceProxies = 1;
			preferredProjectObjectVersion = 77;
			productRefGroup = CB5A013B2E2457D200DDDEE9 /* Products */;
			projectDirPath = "";
			projectRoot = "";
			targets = (
				CB5A01392E2457D200DDDEE9 /* codeDeck */,
				CB5A01472E2457D200DDDEE9 /* codeDeckTests */,
				CB5A01512E2457D200DDDEE9 /* codeDeckUITests */,
			);
		};
/* End PBXProject section */

/* Begin PBXResourcesBuildPhase section */
		CB5A01382E2457D200DDDEE9 /* Resources */ = {
			isa = PBXResourcesBuildPhase;
			buildActionMask = 2147483647;
			files = (
			);
			runOnlyForDeploymentPostprocessing = 0;
		};
		CB5A01462E2457D200DDDEE9 /* Resources */ = {
			isa = PBXResourcesBuildPhase;
			buildActionMask = 2147483647;
			files = (
			);
			runOnlyForDeploymentPostprocessing = 0;
		};
		CB5A01502E2457D200DDDEE9 /* Resources */ = {
			isa = PBXResourcesBuildPhase;
			buildActionMask = 2147483647;
			files = (
			);
			runOnlyForDeploymentPostprocessing = 0;
		};
/* End PBXResourcesBuildPhase section */

/* Begin PBXSourcesBuildPhase section */
		CB5A01362E2457D200DDDEE9 /* Sources */ = {
			isa = PBXSourcesBuildPhase;
			buildActionMask = 2147483647;
			files = (
				CBC2D52D2E30F24600D40BA1 /* Difficulty.swift in Sources */,
				CBC2D5392E31049000D40BA1 /* Colour.swift in Sources */,
				CBC2D5312E30F7B700D40BA1 /* Problem.swift in Sources */,
				CBC2D5362E3100C000D40BA1 /* Constants.swift in Sources */,
				CBC2D52F2E30F37E00D40BA1 /* ProblemStatus.swift in Sources */,
				CBC2D5332E30FDB500D40BA1 /* Category.swift in Sources */,
			);
			runOnlyForDeploymentPostprocessing = 0;
		};
		CB5A01442E2457D200DDDEE9 /* Sources */ = {
			isa = PBXSourcesBuildPhase;
			buildActionMask = 2147483647;
			files = (
			);
			runOnlyForDeploymentPostprocessing = 0;
		};
		CB5A014E2E2457D200DDDEE9 /* Sources */ = {
			isa = PBXSourcesBuildPhase;
			buildActionMask = 2147483647;
			files = (
			);
			runOnlyForDeploymentPostprocessing = 0;
		};
/* End PBXSourcesBuildPhase section */

/* Begin PBXTargetDependency section */
		CB5A014A2E2457D200DDDEE9 /* PBXTargetDependency */ = {
			isa = PBXTargetDependency;
			target = CB5A01392E2457D200DDDEE9 /* codeDeck */;
			targetProxy = CB5A01492E2457D200DDDEE9 /* PBXContainerItemProxy */;
		};
		CB5A01542E2457D200DDDEE9 /* PBXTargetDependency */ = {
			isa = PBXTargetDependency;
			target = CB5A01392E2457D200DDDEE9 /* codeDeck */;
			targetProxy = CB5A01532E2457D200DDDEE9 /* PBXContainerItemProxy */;
		};
/* End PBXTargetDependency section */

/* Begin XCBuildConfiguration section */
		CB5A015A2E2457D200DDDEE9 /* Debug */ = {
			isa = XCBuildConfiguration;
			buildSettings = {
				ALWAYS_SEARCH_USER_PATHS = NO;
				ASSETCATALOG_COMPILER_GENERATE_SWIFT_ASSET_SYMBOL_EXTENSIONS = YES;
				CLANG_ANALYZER_NONNULL = YES;
				CLANG_ANALYZER_NUMBER_OBJECT_CONVERSION = YES_AGGRESSIVE;
				CLANG_CXX_LANGUAGE_STANDARD = "gnu++20";
				CLANG_ENABLE_MODULES = YES;
				CLANG_ENABLE_OBJC_ARC = YES;
				CLANG_ENABLE_OBJC_WEAK = YES;
				CLANG_WARN_BLOCK_CAPTURE_AUTORELEASING = YES;
				CLANG_WARN_BOOL_CONVERSION = YES;
				CLANG_WARN_COMMA = YES;
				CLANG_WARN_CONSTANT_CONVERSION = YES;
				CLANG_WARN_DEPRECATED_OBJC_IMPLEMENTATIONS = YES;
				CLANG_WARN_DIRECT_OBJC_ISA_USAGE = YES_ERROR;
				CLANG_WARN_DOCUMENTATION_COMMENTS = YES;
				CLANG_WARN_EMPTY_BODY = YES;
				CLANG_WARN_ENUM_CONVERSION = YES;
				CLANG_WARN_INFINITE_RECURSION = YES;
				CLANG_WARN_INT_CONVERSION = YES;
				CLANG_WARN_NON_LITERAL_NULL_CONVERSION = YES;
				CLANG_WARN_OBJC_IMPLICIT_RETAIN_SELF = YES;
				CLANG_WARN_OBJC_LITERAL_CONVERSION = YES;
				CLANG_WARN_OBJC_ROOT_CLASS = YES_ERROR;
				CLANG_WARN_QUOTED_INCLUDE_IN_FRAMEWORK_HEADER = YES;
				CLANG_WARN_RANGE_LOOP_ANALYSIS = YES;
				CLANG_WARN_STRICT_PROTOTYPES = YES;
				CLANG_WARN_SUSPICIOUS_MOVE = YES;
				CLANG_WARN_UNGUARDED_AVAILABILITY = YES_AGGRESSIVE;
				CLANG_WARN_UNREACHABLE_CODE = YES;
				CLANG_WARN__DUPLICATE_METHOD_MATCH = YES;
				COPY_PHASE_STRIP = NO;
				DEBUG_INFORMATION_FORMAT = dwarf;
				ENABLE_STRICT_OBJC_MSGSEND = YES;
				ENABLE_TESTABILITY = YES;
				ENABLE_USER_SCRIPT_SANDBOXING = YES;
				GCC_C_LANGUAGE_STANDARD = gnu17;
				GCC_DYNAMIC_NO_PIC = NO;
				GCC_NO_COMMON_BLOCKS = YES;
				GCC_OPTIMIZATION_LEVEL = 0;
				GCC_PREPROCESSOR_DEFINITIONS = (
					"DEBUG=1",
					"$(inherited)",
				);
				GCC_WARN_64_TO_32_BIT_CONVERSION = YES;
				GCC_WARN_ABOUT_RETURN_TYPE = YES_ERROR;
				GCC_WARN_UNDECLARED_SELECTOR = YES;
				GCC_WARN_UNINITIALIZED_AUTOS = YES_AGGRESSIVE;
				GCC_WARN_UNUSED_FUNCTION = YES;
				GCC_WARN_UNUSED_VARIABLE = YES;
				LOCALIZATION_PREFERS_STRING_CATALOGS = YES;
				MTL_ENABLE_DEBUG_INFO = INCLUDE_SOURCE;
				MTL_FAST_MATH = YES;
				ONLY_ACTIVE_ARCH = YES;
				SWIFT_ACTIVE_COMPILATION_CONDITIONS = "DEBUG $(inherited)";
				SWIFT_OPTIMIZATION_LEVEL = "-Onone";
			};
			name = Debug;
		};
		CB5A015B2E2457D200DDDEE9 /* Release */ = {
			isa = XCBuildConfiguration;
			buildSettings = {
				ALWAYS_SEARCH_USER_PATHS = NO;
				ASSETCATALOG_COMPILER_GENERATE_SWIFT_ASSET_SYMBOL_EXTENSIONS = YES;
				CLANG_ANALYZER_NONNULL = YES;
				CLANG_ANALYZER_NUMBER_OBJECT_CONVERSION = YES_AGGRESSIVE;
				CLANG_CXX_LANGUAGE_STANDARD = "gnu++20";
				CLANG_ENABLE_MODULES = YES;
				CLANG_ENABLE_OBJC_ARC = YES;
				CLANG_ENABLE_OBJC_WEAK = YES;
				CLANG_WARN_BLOCK_CAPTURE_AUTORELEASING = YES;
				CLANG_WARN_BOOL_CONVERSION = YES;
				CLANG_WARN_COMMA = YES;
				CLANG_WARN_CONSTANT_CONVERSION = YES;
				CLANG_WARN_DEPRECATED_OBJC_IMPLEMENTATIONS = YES;
				CLANG_WARN_DIRECT_OBJC_ISA_USAGE = YES_ERROR;
				CLANG_WARN_DOCUMENTATION_COMMENTS = YES;
				CLANG_WARN_EMPTY_BODY = YES;
				CLANG_WARN_ENUM_CONVERSION = YES;
				CLANG_WARN_INFINITE_RECURSION = YES;
				CLANG_WARN_INT_CONVERSION = YES;
				CLANG_WARN_NON_LITERAL_NULL_CONVERSION = YES;
				CLANG_WARN_OBJC_IMPLICIT_RETAIN_SELF = YES;
				CLANG_WARN_OBJC_LITERAL_CONVERSION = YES;
				CLANG_WARN_OBJC_ROOT_CLASS = YES_ERROR;
				CLANG_WARN_QUOTED_INCLUDE_IN_FRAMEWORK_HEADER = YES;
				CLANG_WARN_RANGE_LOOP_ANALYSIS = YES;
				CLANG_WARN_STRICT_PROTOTYPES = YES;
				CLANG_WARN_SUSPICIOUS_MOVE = YES;
				CLANG_WARN_UNGUARDED_AVAILABILITY = YES_AGGRESSIVE;
				CLANG_WARN_UNREACHABLE_CODE = YES;
				CLANG_WARN__DUPLICATE_METHOD_MATCH = YES;
				COPY_PHASE_STRIP = NO;
				DEBUG_INFORMATION_FORMAT = "dwarf-with-dsym";
				ENABLE_NS_ASSERTIONS = NO;
				ENABLE_STRICT_OBJC_MSGSEND = YES;
				ENABLE_USER_SCRIPT_SANDBOXING = YES;
				GCC_C_LANGUAGE_STANDARD = gnu17;
				GCC_NO_COMMON_BLOCKS = YES;
				GCC_WARN_64_TO_32_BIT_CONVERSION = YES;
				GCC_WARN_ABOUT_RETURN_TYPE = YES_ERROR;
				GCC_WARN_UNDECLARED_SELECTOR = YES;
				GCC_WARN_UNINITIALIZED_AUTOS = YES_AGGRESSIVE;
				GCC_WARN_UNUSED_FUNCTION = YES;
				GCC_WARN_UNUSED_VARIABLE = YES;
				LOCALIZATION_PREFERS_STRING_CATALOGS = YES;
				MTL_ENABLE_DEBUG_INFO = NO;
				MTL_FAST_MATH = YES;
				SWIFT_COMPILATION_MODE = wholemodule;
			};
			name = Release;
		};
		CB5A015D2E2457D200DDDEE9 /* Debug */ = {
			isa = XCBuildConfiguration;
			buildSettings = {
				ASSETCATALOG_COMPILER_APPICON_NAME = AppIcon;
				ASSETCATALOG_COMPILER_GLOBAL_ACCENT_COLOR_NAME = AccentColor;
				CODE_SIGN_ENTITLEMENTS = codeDeck/codeDeck.entitlements;
				CODE_SIGN_STYLE = Automatic;
				CURRENT_PROJECT_VERSION = 1;
				ENABLE_PREVIEWS = YES;
				GENERATE_INFOPLIST_FILE = YES;
				"INFOPLIST_KEY_UIApplicationSceneManifest_Generation[sdk=iphoneos*]" = YES;
				"INFOPLIST_KEY_UIApplicationSceneManifest_Generation[sdk=iphonesimulator*]" = YES;
				"INFOPLIST_KEY_UIApplicationSupportsIndirectInputEvents[sdk=iphoneos*]" = YES;
				"INFOPLIST_KEY_UIApplicationSupportsIndirectInputEvents[sdk=iphonesimulator*]" = YES;
				"INFOPLIST_KEY_UILaunchScreen_Generation[sdk=iphoneos*]" = YES;
				"INFOPLIST_KEY_UILaunchScreen_Generation[sdk=iphonesimulator*]" = YES;
				"INFOPLIST_KEY_UIStatusBarStyle[sdk=iphoneos*]" = UIStatusBarStyleDefault;
				"INFOPLIST_KEY_UIStatusBarStyle[sdk=iphonesimulator*]" = UIStatusBarStyleDefault;
				INFOPLIST_KEY_UISupportedInterfaceOrientations_iPad = "UIInterfaceOrientationPortrait UIInterfaceOrientationPortraitUpsideDown UIInterfaceOrientationLandscapeLeft UIInterfaceOrientationLandscapeRight";
				INFOPLIST_KEY_UISupportedInterfaceOrientations_iPhone = "UIInterfaceOrientationPortrait UIInterfaceOrientationLandscapeLeft UIInterfaceOrientationLandscapeRight";
				IPHONEOS_DEPLOYMENT_TARGET = 18.5;
				LD_RUNPATH_SEARCH_PATHS = "@executable_path/Frameworks";
				"LD_RUNPATH_SEARCH_PATHS[sdk=macosx*]" = "@executable_path/../Frameworks";
				MACOSX_DEPLOYMENT_TARGET = 15.5;
				MARKETING_VERSION = 1.0;
				PRODUCT_BUNDLE_IDENTIFIER = com.meena.codeDeck;
				PRODUCT_NAME = "$(TARGET_NAME)";
				REGISTER_APP_GROUPS = YES;
				SDKROOT = auto;
				SUPPORTED_PLATFORMS = "iphoneos iphonesimulator macosx xros xrsimulator";
				SWIFT_EMIT_LOC_STRINGS = YES;
				SWIFT_VERSION = 5.0;
				TARGETED_DEVICE_FAMILY = "1,2,7";
				XROS_DEPLOYMENT_TARGET = 2.5;
			};
			name = Debug;
		};
		CB5A015E2E2457D200DDDEE9 /* Release */ = {
			isa = XCBuildConfiguration;
			buildSettings = {
				ASSETCATALOG_COMPILER_APPICON_NAME = AppIcon;
				ASSETCATALOG_COMPILER_GLOBAL_ACCENT_COLOR_NAME = AccentColor;
				CODE_SIGN_ENTITLEMENTS = codeDeck/codeDeck.entitlements;
				CODE_SIGN_STYLE = Automatic;
				CURRENT_PROJECT_VERSION = 1;
				ENABLE_PREVIEWS = YES;
				GENERATE_INFOPLIST_FILE = YES;
				"INFOPLIST_KEY_UIApplicationSceneManifest_Generation[sdk=iphoneos*]" = YES;
				"INFOPLIST_KEY_UIApplicationSceneManifest_Generation[sdk=iphonesimulator*]" = YES;
				"INFOPLIST_KEY_UIApplicationSupportsIndirectInputEvents[sdk=iphoneos*]" = YES;
				"INFOPLIST_KEY_UIApplicationSupportsIndirectInputEvents[sdk=iphonesimulator*]" = YES;
				"INFOPLIST_KEY_UILaunchScreen_Generation[sdk=iphoneos*]" = YES;
				"INFOPLIST_KEY_UILaunchScreen_Generation[sdk=iphonesimulator*]" = YES;
				"INFOPLIST_KEY_UIStatusBarStyle[sdk=iphoneos*]" = UIStatusBarStyleDefault;
				"INFOPLIST_KEY_UIStatusBarStyle[sdk=iphonesimulator*]" = UIStatusBarStyleDefault;
				INFOPLIST_KEY_UISupportedInterfaceOrientations_iPad = "UIInterfaceOrientationPortrait UIInterfaceOrientationPortraitUpsideDown UIInterfaceOrientationLandscapeLeft UIInterfaceOrientationLandscapeRight";
				INFOPLIST_KEY_UISupportedInterfaceOrientations_iPhone = "UIInterfaceOrientationPortrait UIInterfaceOrientationLandscapeLeft UIInterfaceOrientationLandscapeRight";
				IPHONEOS_DEPLOYMENT_TARGET = 18.5;
				LD_RUNPATH_SEARCH_PATHS = "@executable_path/Frameworks";
				"LD_RUNPATH_SEARCH_PATHS[sdk=macosx*]" = "@executable_path/../Frameworks";
				MACOSX_DEPLOYMENT_TARGET = 15.5;
				MARKETING_VERSION = 1.0;
				PRODUCT_BUNDLE_IDENTIFIER = com.meena.codeDeck;
				PRODUCT_NAME = "$(TARGET_NAME)";
				REGISTER_APP_GROUPS = YES;
				SDKROOT = auto;
				SUPPORTED_PLATFORMS = "iphoneos iphonesimulator macosx xros xrsimulator";
				SWIFT_EMIT_LOC_STRINGS = YES;
				SWIFT_VERSION = 5.0;
				TARGETED_DEVICE_FAMILY = "1,2,7";
				XROS_DEPLOYMENT_TARGET = 2.5;
			};
			name = Release;
		};
		CB5A01602E2457D200DDDEE9 /* Debug */ = {
			isa = XCBuildConfiguration;
			buildSettings = {
				BUNDLE_LOADER = "$(TEST_HOST)";
				CODE_SIGN_STYLE = Automatic;
				CURRENT_PROJECT_VERSION = 1;
				GENERATE_INFOPLIST_FILE = YES;
				IPHONEOS_DEPLOYMENT_TARGET = 18.5;
				MACOSX_DEPLOYMENT_TARGET = 15.5;
				MARKETING_VERSION = 1.0;
				PRODUCT_BUNDLE_IDENTIFIER = com.meena.codeDeckTests;
				PRODUCT_NAME = "$(TARGET_NAME)";
				SDKROOT = auto;
				SUPPORTED_PLATFORMS = "iphoneos iphonesimulator macosx xros xrsimulator";
				SWIFT_EMIT_LOC_STRINGS = NO;
				SWIFT_VERSION = 5.0;
				TARGETED_DEVICE_FAMILY = "1,2,7";
				TEST_HOST = "$(BUILT_PRODUCTS_DIR)/codeDeck.app/$(BUNDLE_EXECUTABLE_FOLDER_PATH)/codeDeck";
				XROS_DEPLOYMENT_TARGET = 2.5;
			};
			name = Debug;
		};
		CB5A01612E2457D200DDDEE9 /* Release */ = {
			isa = XCBuildConfiguration;
			buildSettings = {
				BUNDLE_LOADER = "$(TEST_HOST)";
				CODE_SIGN_STYLE = Automatic;
				CURRENT_PROJECT_VERSION = 1;
				GENERATE_INFOPLIST_FILE = YES;
				IPHONEOS_DEPLOYMENT_TARGET = 18.5;
				MACOSX_DEPLOYMENT_TARGET = 15.5;
				MARKETING_VERSION = 1.0;
				PRODUCT_BUNDLE_IDENTIFIER = com.meena.codeDeckTests;
				PRODUCT_NAME = "$(TARGET_NAME)";
				SDKROOT = auto;
				SUPPORTED_PLATFORMS = "iphoneos iphonesimulator macosx xros xrsimulator";
				SWIFT_EMIT_LOC_STRINGS = NO;
				SWIFT_VERSION = 5.0;
				TARGETED_DEVICE_FAMILY = "1,2,7";
				TEST_HOST = "$(BUILT_PRODUCTS_DIR)/codeDeck.app/$(BUNDLE_EXECUTABLE_FOLDER_PATH)/codeDeck";
				XROS_DEPLOYMENT_TARGET = 2.5;
			};
			name = Release;
		};
		CB5A01632E2457D200DDDEE9 /* Debug */ = {
			isa = XCBuildConfiguration;
			buildSettings = {
				CODE_SIGN_STYLE = Automatic;
				CURRENT_PROJECT_VERSION = 1;
				GENERATE_INFOPLIST_FILE = YES;
				IPHONEOS_DEPLOYMENT_TARGET = 18.5;
				MACOSX_DEPLOYMENT_TARGET = 15.5;
				MARKETING_VERSION = 1.0;
				PRODUCT_BUNDLE_IDENTIFIER = com.meena.codeDeckUITests;
				PRODUCT_NAME = "$(TARGET_NAME)";
				SDKROOT = auto;
				SUPPORTED_PLATFORMS = "iphoneos iphonesimulator macosx xros xrsimulator";
				SWIFT_EMIT_LOC_STRINGS = NO;
				SWIFT_VERSION = 5.0;
				TARGETED_DEVICE_FAMILY = "1,2,7";
				TEST_TARGET_NAME = codeDeck;
				XROS_DEPLOYMENT_TARGET = 2.5;
			};
			name = Debug;
		};
		CB5A01642E2457D200DDDEE9 /* Release */ = {
			isa = XCBuildConfiguration;
			buildSettings = {
				CODE_SIGN_STYLE = Automatic;
				CURRENT_PROJECT_VERSION = 1;
				GENERATE_INFOPLIST_FILE = YES;
				IPHONEOS_DEPLOYMENT_TARGET = 18.5;
				MACOSX_DEPLOYMENT_TARGET = 15.5;
				MARKETING_VERSION = 1.0;
				PRODUCT_BUNDLE_IDENTIFIER = com.meena.codeDeckUITests;
				PRODUCT_NAME = "$(TARGET_NAME)";
				SDKROOT = auto;
				SUPPORTED_PLATFORMS = "iphoneos iphonesimulator macosx xros xrsimulator";
				SWIFT_EMIT_LOC_STRINGS = NO;
				SWIFT_VERSION = 5.0;
				TARGETED_DEVICE_FAMILY = "1,2,7";
				TEST_TARGET_NAME = codeDeck;
				XROS_DEPLOYMENT_TARGET = 2.5;
			};
			name = Release;
		};
/* End XCBuildConfiguration section */

/* Begin XCConfigurationList section */
		CB5A01352E2457D200DDDEE9 /* Build configuration list for PBXProject "codeDeck" */ = {
			isa = XCConfigurationList;
			buildConfigurations = (
				CB5A015A2E2457D200DDDEE9 /* Debug */,
				CB5A015B2E2457D200DDDEE9 /* Release */,
			);
			defaultConfigurationIsVisible = 0;
			defaultConfigurationName = Release;
		};
		CB5A015C2E2457D200DDDEE9 /* Build configuration list for PBXNativeTarget "codeDeck" */ = {
			isa = XCConfigurationList;
			buildConfigurations = (
				CB5A015D2E2457D200DDDEE9 /* Debug */,
				CB5A015E2E2457D200DDDEE9 /* Release */,
			);
			defaultConfigurationIsVisible = 0;
			defaultConfigurationName = Release;
		};
		CB5A015F2E2457D200DDDEE9 /* Build configuration list for PBXNativeTarget "codeDeckTests" */ = {
			isa = XCConfigurationList;
			buildConfigurations = (
				CB5A01602E2457D200DDDEE9 /* Debug */,
				CB5A01612E2457D200DDDEE9 /* Release */,
			);
			defaultConfigurationIsVisible = 0;
			defaultConfigurationName = Release;
		};
		CB5A01622E2457D200DDDEE9 /* Build configuration list for PBXNativeTarget "codeDeckUITests" */ = {
			isa = XCConfigurationList;
			buildConfigurations = (
				CB5A01632E2457D200DDDEE9 /* Debug */,
				CB5A01642E2457D200DDDEE9 /* Release */,
			);
			defaultConfigurationIsVisible = 0;
			defaultConfigurationName = Release;
		};
/* End XCConfigurationList section */
	};
	rootObject = CB5A01322E2457D200DDDEE9 /* Project object */;
}
